# Generated by move; do not edit
# This file should be checked in.

[move]
version = 4

[pinned.mainnet.MoveStdlib]
source = { git = "https://github.com/MystenLabs/sui.git", subdir = "crates/sui-framework/packages/move-stdlib", rev = "367fd808279bed26f7c64fc63160062a2ee29ab7" }
use_environment = "mainnet"
manifest_digest = "C4FE4C91DE74CBF223B2E380AE40F592177D21870DC2D7EB6227D2D694E05363"
deps = {}

[pinned.mainnet.MoveStdlib_1]
source = { git = "https://github.com/MystenLabs/sui.git", subdir = "crates/sui-framework/packages/move-stdlib", rev = "2f5992f189cd24445cd010ccf0aa7ff418ff93b1" }
use_environment = "mainnet"
manifest_digest = "C4FE4C91DE74CBF223B2E380AE40F592177D21870DC2D7EB6227D2D694E05363"
deps = {}

[pinned.mainnet.Sui]
source = { git = "https://github.com/MystenLabs/sui.git", subdir = "crates/sui-framework/packages/sui-framework", rev = "367fd808279bed26f7c64fc63160062a2ee29ab7" }
use_environment = "mainnet"
manifest_digest = "CD547CB1ACCE0880C835DAED2D8FFCB91D56C833AE5240D3AA5B918398263195"
deps = { MoveStdlib = "MoveStdlib" }

[pinned.mainnet.Sui_1]
source = { git = "https://github.com/MystenLabs/sui.git", subdir = "crates/sui-framework/packages/sui-framework", rev = "2f5992f189cd24445cd010ccf0aa7ff418ff93b1" }
use_environment = "mainnet"
manifest_digest = "CD547CB1ACCE0880C835DAED2D8FFCB91D56C833AE5240D3AA5B918398263195"
deps = { MoveStdlib = "MoveStdlib_1" }

[pinned.mainnet.WAL]
source = { local = "../../seal_walrus_localnet/mysten_contracts_forks/walrus_contracts/wal" }
use_environment = "mainnet"
manifest_digest = "F5222CDA0280E9DBA9D044F73611210C0DB365819973967320E3C5309A561EF7"
deps = { Sui = "Sui_1" }

[pinned.mainnet.Walrus]
source = { local = "../../seal_walrus_localnet/mysten_contracts_forks/walrus_contracts/walrus" }
use_environment = "mainnet"
manifest_digest = "9BA69733B6115A215ACECD96B2DA496B2295F3C3E9DD5790D52D1E50C68AC276"
deps = { Sui = "Sui_1", WAL = "WAL" }

[pinned.mainnet.endless_vector]
source = { root = true }
use_environment = "mainnet"
manifest_digest = "B0C7A0DD1B815C69F3C45E76F553964BB0A1394208847F95E622B53AEE063E03"
deps = { WAL = "WAL", Walrus = "Walrus", std = "MoveStdlib", sui = "Sui" }

[pinned.testnet.MoveStdlib]
source = { git = "https://github.com/MystenLabs/sui.git", subdir = "crates/sui-framework/packages/move-stdlib", rev = "367fd808279bed26f7c64fc63160062a2ee29ab7" }
use_environment = "testnet"
manifest_digest = "C4FE4C91DE74CBF223B2E380AE40F592177D21870DC2D7EB6227D2D694E05363"
deps = {}

[pinned.testnet.MoveStdlib_1]
source = { git = "https://github.com/MystenLabs/sui.git", subdir = "crates/sui-framework/packages/move-stdlib", rev = "85b460a63fd76a15672bbe4820bde6db78a3cfb8" }
use_environment = "testnet"
manifest_digest = "C4FE4C91DE74CBF223B2E380AE40F592177D21870DC2D7EB6227D2D694E05363"
deps = {}

[pinned.testnet.Sui]
source = { git = "https://github.com/MystenLabs/sui.git", subdir = "crates/sui-framework/packages/sui-framework", rev = "367fd808279bed26f7c64fc63160062a2ee29ab7" }
use_environment = "testnet"
manifest_digest = "7AFB66695545775FBFBB2D3078ADFD084244D5002392E837FDE21D9EA1C6D01C"
deps = { MoveStdlib = "MoveStdlib" }

[pinned.testnet.Sui_1]
source = { git = "https://github.com/MystenLabs/sui.git", subdir = "crates/sui-framework/packages/sui-framework", rev = "85b460a63fd76a15672bbe4820bde6db78a3cfb8" }
use_environment = "testnet"
manifest_digest = "7AFB66695545775FBFBB2D3078ADFD084244D5002392E837FDE21D9EA1C6D01C"
deps = { MoveStdlib = "MoveStdlib_1" }

[pinned.testnet.WAL]
source = { local = "../../seal_walrus_localnet/mysten_contracts_forks/original_walrus_contracts/wal" }
use_environment = "testnet"
manifest_digest = "FE47E9468FC06A45CF365D1C79B6403F4081E0FBAC28E0B097ADCA7DA1EAFFB5"
deps = { Sui = "Sui_1" }

[pinned.testnet.Walrus]
source = { local = "../../seal_walrus_localnet/mysten_contracts_forks/original_walrus_contracts/walrus" }
use_environment = "testnet"
manifest_digest = "0EAFDDA653B6FDBB41BBC02D27A0EB3FCEE5F459617FF2B1BEA72E2D8A2B9757"
deps = { Sui = "Sui_1", WAL = "WAL" }

[pinned.testnet.endless_vector]
source = { root = true }
use_environment = "testnet"
manifest_digest = "4697919B7CC0A6F57FA0E93E68A8C289B8BA26FBB6FD965B470302BB1410A2BE"
deps = { WAL = "WAL", Walrus = "Walrus", std = "MoveStdlib", sui = "Sui" }
